
Microsoft Visual Studio Solution File, Format Version 12.00
# Visual Studio Version 16
VisualStudioVersion = 16.0.32228.343
MinimumVisualStudioVersion = 10.0.40219.1
Project("{9A19103F-16F7-4668-BE54-9A1E7A4F7556}") = "Sprinklers calculator", "Sprinklers calculator.csproj", "{2598F8A1-10F0-49CA-872B-8F82EDA2F8E7}"
EndProject
Global
	GlobalSection(SolutionConfigurationPlatforms) = preSolution
		Debug|Any CPU = Debug|Any CPU
		Release|Any CPU = Release|Any CPU
	EndGlobalSection
	GlobalSection(ProjectConfigurationPlatforms) = postSolution
		{2598F8A1-10F0-49CA-872B-8F82EDA2F8E7}.Debug|Any CPU.ActiveCfg = Debug|Any CPU
		{2598F8A1-10F0-49CA-872B-8F82EDA2F8E7}.Debug|Any CPU.Build.0 = Debug|Any CPU
		{2598F8A1-10F0-49CA-872B-8F82EDA2F8E7}.Release|Any CPU.ActiveCfg = Release|Any CPU
		{2598F8A1-10F0-49CA-872B-8F82EDA2F8E7}.Release|Any CPU.Build.0 = Release|Any CPU
	EndGlobalSection
	GlobalSection(SolutionProperties) = preSolution
		HideSolutionNode = FALSE
	EndGlobalSection
	GlobalSection(ExtensibilityGlobals) = postSolution
		SolutionGuid = {A49244C4-4DE1-4B44-BA68-54503E85732A}
	EndGlobalSection
EndGlobal
